
Microsoft Visual Studio Solution File, Format Version 10.00
# Visual Studio 2008
Project("{8BC9CEB8-8B4A-11D0-8D11-00A0C91BC942}") = "02InitDX", "InitDX\InitDX.vcproj", "{9DA75AF3-8394-4F47-8E4D-687DAC50EE17}"
	ProjectSection(ProjectDependencies) = postProject
		{2C49E5DD-E5A8-4653-BF51-6A7C558965AA} = {2C49E5DD-E5A8-4653-BF51-6A7C558965AA}
	EndProjectSection
EndProject
Project("{8BC9CEB8-8B4A-11D0-8D11-00A0C91BC942}") = "04Cube", "Cube\Cube.vcproj", "{C45E1911-DF4A-4838-A63C-E3932A86FC97}"
	ProjectSection(ProjectDependencies) = postProject
		{2C49E5DD-E5A8-4653-BF51-6A7C558965AA} = {2C49E5DD-E5A8-4653-BF51-6A7C558965AA}
	EndProjectSection
EndProject
Project("{8BC9CEB8-8B4A-11D0-8D11-00A0C91BC942}") = "00comm", "comm\comm.vcproj", "{2C49E5DD-E5A8-4653-BF51-6A7C558965AA}"
EndProject
Project("{8BC9CEB8-8B4A-11D0-8D11-00A0C91BC942}") = "04triangle", "triangle\triangle.vcproj", "{AFF08326-497D-4B4C-AB30-D0B561E14384}"
	ProjectSection(ProjectDependencies) = postProject
		{2C49E5DD-E5A8-4653-BF51-6A7C558965AA} = {2C49E5DD-E5A8-4653-BF51-6A7C558965AA}
	EndProjectSection
EndProject
Project("{8BC9CEB8-8B4A-11D0-8D11-00A0C91BC942}") = "04teapot", "teapot\teapot.vcproj", "{47E04471-2840-4241-B676-8B1585859343}"
	ProjectSection(ProjectDependencies) = postProject
		{2C49E5DD-E5A8-4653-BF51-6A7C558965AA} = {2C49E5DD-E5A8-4653-BF51-6A7C558965AA}
	EndProjectSection
EndProject
Project("{8BC9CEB8-8B4A-11D0-8D11-00A0C91BC942}") = "04D3DXCreate", "D3DXCreate\D3DXCreate.vcproj", "{DA9D96FD-CF24-4245-A5F8-DD3328DB06A9}"
	ProjectSection(ProjectDependencies) = postProject
		{2C49E5DD-E5A8-4653-BF51-6A7C558965AA} = {2C49E5DD-E5A8-4653-BF51-6A7C558965AA}
	EndProjectSection
EndProject
Project("{8BC9CEB8-8B4A-11D0-8D11-00A0C91BC942}") = "05ColorTriangle", "ColorTriangle\ColorTriangle.vcproj", "{1491407E-AC66-4F22-B366-79886B3E7161}"
	ProjectSection(ProjectDependencies) = postProject
		{2C49E5DD-E5A8-4653-BF51-6A7C558965AA} = {2C49E5DD-E5A8-4653-BF51-6A7C558965AA}
	EndProjectSection
EndProject
Project("{8BC9CEB8-8B4A-11D0-8D11-00A0C91BC942}") = "06litPyramid", "litPyramid\litPyramid.vcproj", "{FDB6EBBD-97EE-4B54-A86B-991E04EE2632}"
	ProjectSection(ProjectDependencies) = postProject
		{2C49E5DD-E5A8-4653-BF51-6A7C558965AA} = {2C49E5DD-E5A8-4653-BF51-6A7C558965AA}
	EndProjectSection
EndProject
Project("{8BC9CEB8-8B4A-11D0-8D11-00A0C91BC942}") = "06directionalLight", "directionalLight\directionalLight.vcproj", "{B8DE00E3-9C2E-4AD4-83DA-CEF9E400E9E3}"
	ProjectSection(ProjectDependencies) = postProject
		{2C49E5DD-E5A8-4653-BF51-6A7C558965AA} = {2C49E5DD-E5A8-4653-BF51-6A7C558965AA}
	EndProjectSection
EndProject
Project("{8BC9CEB8-8B4A-11D0-8D11-00A0C91BC942}") = "07texQuad", "texQuad\texQuad.vcproj", "{AD60D5E9-D3C7-4365-83E6-D5484939645A}"
	ProjectSection(ProjectDependencies) = postProject
		{2C49E5DD-E5A8-4653-BF51-6A7C558965AA} = {2C49E5DD-E5A8-4653-BF51-6A7C558965AA}
	EndProjectSection
EndProject
Project("{8BC9CEB8-8B4A-11D0-8D11-00A0C91BC942}") = "07AddressModes", "AddressModes\AddressModes.vcproj", "{0C969A75-FB84-4600-9B86-78E4FAAF81EC}"
	ProjectSection(ProjectDependencies) = postProject
		{2C49E5DD-E5A8-4653-BF51-6A7C558965AA} = {2C49E5DD-E5A8-4653-BF51-6A7C558965AA}
	EndProjectSection
EndProject
Project("{8BC9CEB8-8B4A-11D0-8D11-00A0C91BC942}") = "07TexCube", "TexCube\TexCube.vcproj", "{732B1B16-87BC-4BFC-9254-62701E6F731A}"
	ProjectSection(ProjectDependencies) = postProject
		{2C49E5DD-E5A8-4653-BF51-6A7C558965AA} = {2C49E5DD-E5A8-4653-BF51-6A7C558965AA}
	EndProjectSection
EndProject
Project("{8BC9CEB8-8B4A-11D0-8D11-00A0C91BC942}") = "06pointLight", "pointLight\pointLight.vcproj", "{824940BF-ED92-42EF-AB1B-4D788E219B2E}"
	ProjectSection(ProjectDependencies) = postProject
		{2C49E5DD-E5A8-4653-BF51-6A7C558965AA} = {2C49E5DD-E5A8-4653-BF51-6A7C558965AA}
	EndProjectSection
EndProject
Project("{8BC9CEB8-8B4A-11D0-8D11-00A0C91BC942}") = "06spotlight", "spotlight\spotlight.vcproj", "{C3CAB257-FAAE-4F69-A736-44BCE9B2FE16}"
	ProjectSection(ProjectDependencies) = postProject
		{2C49E5DD-E5A8-4653-BF51-6A7C558965AA} = {2C49E5DD-E5A8-4653-BF51-6A7C558965AA}
	EndProjectSection
EndProject
Project("{8BC9CEB8-8B4A-11D0-8D11-00A0C91BC942}") = "08mtrlAlpha", "mtrlAlpha\mtrlAlpha.vcproj", "{EEA7CA9D-AA99-4231-BEF0-50FBB25F4F64}"
	ProjectSection(ProjectDependencies) = postProject
		{2C49E5DD-E5A8-4653-BF51-6A7C558965AA} = {2C49E5DD-E5A8-4653-BF51-6A7C558965AA}
	EndProjectSection
EndProject
Project("{8BC9CEB8-8B4A-11D0-8D11-00A0C91BC942}") = "08texAlpha", "8texAlpha\8texAlpha.vcproj", "{21FF71FD-5F85-4B1C-9B01-A1FC06D3BA86}"
	ProjectSection(ProjectDependencies) = postProject
		{2C49E5DD-E5A8-4653-BF51-6A7C558965AA} = {2C49E5DD-E5A8-4653-BF51-6A7C558965AA}
	EndProjectSection
EndProject
Project("{8BC9CEB8-8B4A-11D0-8D11-00A0C91BC942}") = "09Stencil Mirror", "9Stencil Mirror\9Stencil Mirror.vcproj", "{6A9318AF-8509-41CC-AF77-1D1BB4D686A8}"
	ProjectSection(ProjectDependencies) = postProject
		{2C49E5DD-E5A8-4653-BF51-6A7C558965AA} = {2C49E5DD-E5A8-4653-BF51-6A7C558965AA}
	EndProjectSection
EndProject
Project("{2150E333-8FDC-42A3-9474-1A3956D46DE8}") = "项目说明", "项目说明", "{80D8D6F6-D405-4BBC-91D2-1FF3183FAA54}"
	ProjectSection(SolutionItems) = preProject
		InitDX\readme.txt = InitDX\readme.txt
	EndProjectSection
EndProject
Project("{8BC9CEB8-8B4A-11D0-8D11-00A0C91BC942}") = "09StencilMirrorShadow", "StencilMirrorShadow\StencilMirrorShadow.vcproj", "{4586B615-D553-4500-A7D6-E4C50BAD1A2A}"
	ProjectSection(ProjectDependencies) = postProject
		{2C49E5DD-E5A8-4653-BF51-6A7C558965AA} = {2C49E5DD-E5A8-4653-BF51-6A7C558965AA}
	EndProjectSection
EndProject
Project("{8BC9CEB8-8B4A-11D0-8D11-00A0C91BC942}") = "09StencilShadow", "StencilShadow\StencilShadow.vcproj", "{17970948-2994-4E62-A244-7F111A2B0BC0}"
	ProjectSection(ProjectDependencies) = postProject
		{2C49E5DD-E5A8-4653-BF51-6A7C558965AA} = {2C49E5DD-E5A8-4653-BF51-6A7C558965AA}
	EndProjectSection
EndProject
Project("{2150E333-8FDC-42A3-9474-1A3956D46DE8}") = "Direct3D基础知识", "Direct3D基础知识", "{32F322E4-9315-4EC0-B3D2-1F2BF0C0BAF7}"
EndProject
Project("{2150E333-8FDC-42A3-9474-1A3956D46DE8}") = "Direct3D应用", "Direct3D应用", "{07EC6187-FAC4-44D2-81BF-515AD5314449}"
EndProject
Project("{8BC9CEB8-8B4A-11D0-8D11-00A0C91BC942}") = "10ID3DXFont", "ID3DXFont\ID3DXFont.vcproj", "{A1DB8809-0201-4C45-81ED-AECB6C3A443D}"
	ProjectSection(ProjectDependencies) = postProject
		{2C49E5DD-E5A8-4653-BF51-6A7C558965AA} = {2C49E5DD-E5A8-4653-BF51-6A7C558965AA}
	EndProjectSection
EndProject
Project("{8BC9CEB8-8B4A-11D0-8D11-00A0C91BC942}") = "10CFont", "CFont\CFont.vcproj", "{4B6B1459-5260-4D95-B1F1-9D01C510A829}"
	ProjectSection(ProjectDependencies) = postProject
		{2C49E5DD-E5A8-4653-BF51-6A7C558965AA} = {2C49E5DD-E5A8-4653-BF51-6A7C558965AA}
	EndProjectSection
EndProject
Project("{8BC9CEB8-8B4A-11D0-8D11-00A0C91BC942}") = "10D3DXCreateText", "D3DXCreateText\D3DXCreateText.vcproj", "{E6C570E4-4243-4333-AB93-F32535588557}"
	ProjectSection(ProjectDependencies) = postProject
		{2C49E5DD-E5A8-4653-BF51-6A7C558965AA} = {2C49E5DD-E5A8-4653-BF51-6A7C558965AA}
	EndProjectSection
EndProject
Project("{8BC9CEB8-8B4A-11D0-8D11-00A0C91BC942}") = "11D3DXCreateMeshFVF", "D3DXCreateMeshFVF\D3DXCreateMeshFVF.vcproj", "{EE7520ED-9A0E-4EB9-BA58-13F0CE2BFBBA}"
	ProjectSection(ProjectDependencies) = postProject
		{2C49E5DD-E5A8-4653-BF51-6A7C558965AA} = {2C49E5DD-E5A8-4653-BF51-6A7C558965AA}
	EndProjectSection
EndProject
Project("{8BC9CEB8-8B4A-11D0-8D11-00A0C91BC942}") = "12XFile", "XFile\XFile.vcproj", "{3B37F09C-0C6E-4884-A790-3DD871787500}"
	ProjectSection(ProjectDependencies) = postProject
		{2C49E5DD-E5A8-4653-BF51-6A7C558965AA} = {2C49E5DD-E5A8-4653-BF51-6A7C558965AA}
	EndProjectSection
EndProject
Project("{8BC9CEB8-8B4A-11D0-8D11-00A0C91BC942}") = "12ProgressiveMesh", "12ProgressiveMesh\12ProgressiveMesh.vcproj", "{C6A06ACA-A9AE-40EA-B18F-E449DE5E9D04}"
	ProjectSection(ProjectDependencies) = postProject
		{2C49E5DD-E5A8-4653-BF51-6A7C558965AA} = {2C49E5DD-E5A8-4653-BF51-6A7C558965AA}
	EndProjectSection
EndProject
Project("{8BC9CEB8-8B4A-11D0-8D11-00A0C91BC942}") = "12BoundingVolumes", "BoundingVolumes\BoundingVolumes.vcproj", "{EFB86A64-9458-4057-9080-A4332732F199}"
	ProjectSection(ProjectDependencies) = postProject
		{2C49E5DD-E5A8-4653-BF51-6A7C558965AA} = {2C49E5DD-E5A8-4653-BF51-6A7C558965AA}
	EndProjectSection
EndProject
Project("{8BC9CEB8-8B4A-11D0-8D11-00A0C91BC942}") = "13Camera", "13Camera\13Camera.vcproj", "{1849E0FA-8E06-4A03-AAFC-26CDEE2267DD}"
	ProjectSection(ProjectDependencies) = postProject
		{2C49E5DD-E5A8-4653-BF51-6A7C558965AA} = {2C49E5DD-E5A8-4653-BF51-6A7C558965AA}
	EndProjectSection
EndProject
Project("{8BC9CEB8-8B4A-11D0-8D11-00A0C91BC942}") = "14Terrain", "14Terrain\14Terrain.vcproj", "{6A1D4950-EA7A-44F1-9310-4D9CC32EE399}"
	ProjectSection(ProjectDependencies) = postProject
		{2C49E5DD-E5A8-4653-BF51-6A7C558965AA} = {2C49E5DD-E5A8-4653-BF51-6A7C558965AA}
	EndProjectSection
EndProject
Project("{8BC9CEB8-8B4A-11D0-8D11-00A0C91BC942}") = "15FireworkSystem", "15FireworkSystem\15FireworkSystem.vcproj", "{33B6CE56-C706-49B1-8718-F7D1C3952705}"
	ProjectSection(ProjectDependencies) = postProject
		{2C49E5DD-E5A8-4653-BF51-6A7C558965AA} = {2C49E5DD-E5A8-4653-BF51-6A7C558965AA}
	EndProjectSection
EndProject
Project("{8BC9CEB8-8B4A-11D0-8D11-00A0C91BC942}") = "15SnowSystem", "15SnowSystem\15SnowSystem.vcproj", "{3D22CE78-791E-4E73-909D-820A735C56B5}"
	ProjectSection(ProjectDependencies) = postProject
		{2C49E5DD-E5A8-4653-BF51-6A7C558965AA} = {2C49E5DD-E5A8-4653-BF51-6A7C558965AA}
	EndProjectSection
EndProject
Project("{8BC9CEB8-8B4A-11D0-8D11-00A0C91BC942}") = "15ParticleGunSystem", "15ParticleGunSystem\15ParticleGunSystem.vcproj", "{EC10205E-5D02-4730-A41F-122970C76DDC}"
	ProjectSection(ProjectDependencies) = postProject
		{2C49E5DD-E5A8-4653-BF51-6A7C558965AA} = {2C49E5DD-E5A8-4653-BF51-6A7C558965AA}
	EndProjectSection
EndProject
Project("{8BC9CEB8-8B4A-11D0-8D11-00A0C91BC942}") = "16Pick", "16Pick\16Pick.vcproj", "{B4E608CC-3E33-4596-B80C-4BAA3CF9AD06}"
	ProjectSection(ProjectDependencies) = postProject
		{2C49E5DD-E5A8-4653-BF51-6A7C558965AA} = {2C49E5DD-E5A8-4653-BF51-6A7C558965AA}
	EndProjectSection
EndProject
Project("{2150E333-8FDC-42A3-9474-1A3956D46DE8}") = "Shader和特效", "Shader和特效", "{74B354F0-E520-49E6-8465-C3121D082A34}"
EndProject
Project("{8BC9CEB8-8B4A-11D0-8D11-00A0C91BC942}") = "17Transform", "17Transform\17Transform.vcproj", "{B36D9FDB-1472-4423-818A-06CF0C03DD24}"
	ProjectSection(ProjectDependencies) = postProject
		{2C49E5DD-E5A8-4653-BF51-6A7C558965AA} = {2C49E5DD-E5A8-4653-BF51-6A7C558965AA}
	EndProjectSection
EndProject
Project("{8BC9CEB8-8B4A-11D0-8D11-00A0C91BC942}") = "18VSDiffuseLighting", "18VSDiffuseLighting\18VSDiffuseLighting.vcproj", "{B8E832C6-D980-48AF-BDBE-F522D60AA42F}"
	ProjectSection(ProjectDependencies) = postProject
		{2C49E5DD-E5A8-4653-BF51-6A7C558965AA} = {2C49E5DD-E5A8-4653-BF51-6A7C558965AA}
	EndProjectSection
EndProject
Project("{8BC9CEB8-8B4A-11D0-8D11-00A0C91BC942}") = "18VSToon1NoOutlines", "18VSToon1NoOutlines\18VSToon1NoOutlines.vcproj", "{D3861EEC-E953-4677-8AFB-20D0C27B873B}"
	ProjectSection(ProjectDependencies) = postProject
		{2C49E5DD-E5A8-4653-BF51-6A7C558965AA} = {2C49E5DD-E5A8-4653-BF51-6A7C558965AA}
	EndProjectSection
EndProject
Project("{8BC9CEB8-8B4A-11D0-8D11-00A0C91BC942}") = "18VSToon2WithOutlines", "18VSToon2WithOutlines\18VSToon2WithOutlines.vcproj", "{D0ABEEFF-9A69-481F-A501-1FB3F3FE4837}"
	ProjectSection(ProjectDependencies) = postProject
		{2C49E5DD-E5A8-4653-BF51-6A7C558965AA} = {2C49E5DD-E5A8-4653-BF51-6A7C558965AA}
	EndProjectSection
EndProject
Project("{8BC9CEB8-8B4A-11D0-8D11-00A0C91BC942}") = "19PSMultiTexture", "19PSMultiTexture\19PSMultiTexture.vcproj", "{B2E62689-60C7-40F9-81D9-6DD1A686FA13}"
	ProjectSection(ProjectDependencies) = postProject
		{2C49E5DD-E5A8-4653-BF51-6A7C558965AA} = {2C49E5DD-E5A8-4653-BF51-6A7C558965AA}
	EndProjectSection
EndProject
Project("{8BC9CEB8-8B4A-11D0-8D11-00A0C91BC942}") = "20CartoonEffect", "20CartoonEffect\20CartoonEffect.vcproj", "{2B75D7EE-9A68-46BF-A6C0-42D72AB9E8CC}"
	ProjectSection(ProjectDependencies) = postProject
		{2C49E5DD-E5A8-4653-BF51-6A7C558965AA} = {2C49E5DD-E5A8-4653-BF51-6A7C558965AA}
	EndProjectSection
EndProject
Project("{8BC9CEB8-8B4A-11D0-8D11-00A0C91BC942}") = "20FogEffect", "20FogEffect\20FogEffect.vcproj", "{E1725105-2CC6-4687-8C8F-831A0078F389}"
	ProjectSection(ProjectDependencies) = postProject
		{2C49E5DD-E5A8-4653-BF51-6A7C558965AA} = {2C49E5DD-E5A8-4653-BF51-6A7C558965AA}
	EndProjectSection
EndProject
Project("{8BC9CEB8-8B4A-11D0-8D11-00A0C91BC942}") = "20LightingAndTexturing", "20LightingAndTexturing\20LightingAndTexturing.vcproj", "{6913FB50-134C-4986-8581-5734AFD3B6C3}"
	ProjectSection(ProjectDependencies) = postProject
		{2C49E5DD-E5A8-4653-BF51-6A7C558965AA} = {2C49E5DD-E5A8-4653-BF51-6A7C558965AA}
	EndProjectSection
EndProject
Global
	GlobalSection(SolutionConfigurationPlatforms) = preSolution
		Debug|Win32 = Debug|Win32
		Release|Win32 = Release|Win32
	EndGlobalSection
	GlobalSection(ProjectConfigurationPlatforms) = postSolution
		{9DA75AF3-8394-4F47-8E4D-687DAC50EE17}.Debug|Win32.ActiveCfg = Debug|Win32
		{9DA75AF3-8394-4F47-8E4D-687DAC50EE17}.Debug|Win32.Build.0 = Debug|Win32
		{9DA75AF3-8394-4F47-8E4D-687DAC50EE17}.Release|Win32.ActiveCfg = Release|Win32
		{9DA75AF3-8394-4F47-8E4D-687DAC50EE17}.Release|Win32.Build.0 = Release|Win32
		{C45E1911-DF4A-4838-A63C-E3932A86FC97}.Debug|Win32.ActiveCfg = Debug|Win32
		{C45E1911-DF4A-4838-A63C-E3932A86FC97}.Debug|Win32.Build.0 = Debug|Win32
		{C45E1911-DF4A-4838-A63C-E3932A86FC97}.Release|Win32.ActiveCfg = Release|Win32
		{C45E1911-DF4A-4838-A63C-E3932A86FC97}.Release|Win32.Build.0 = Release|Win32
		{2C49E5DD-E5A8-4653-BF51-6A7C558965AA}.Debug|Win32.ActiveCfg = Debug|Win32
		{2C49E5DD-E5A8-4653-BF51-6A7C558965AA}.Debug|Win32.Build.0 = Debug|Win32
		{2C49E5DD-E5A8-4653-BF51-6A7C558965AA}.Release|Win32.ActiveCfg = Release|Win32
		{2C49E5DD-E5A8-4653-BF51-6A7C558965AA}.Release|Win32.Build.0 = Release|Win32
		{AFF08326-497D-4B4C-AB30-D0B561E14384}.Debug|Win32.ActiveCfg = Debug|Win32
		{AFF08326-497D-4B4C-AB30-D0B561E14384}.Debug|Win32.Build.0 = Debug|Win32
		{AFF08326-497D-4B4C-AB30-D0B561E14384}.Release|Win32.ActiveCfg = Release|Win32
		{AFF08326-497D-4B4C-AB30-D0B561E14384}.Release|Win32.Build.0 = Release|Win32
		{47E04471-2840-4241-B676-8B1585859343}.Debug|Win32.ActiveCfg = Debug|Win32
		{47E04471-2840-4241-B676-8B1585859343}.Debug|Win32.Build.0 = Debug|Win32
		{47E04471-2840-4241-B676-8B1585859343}.Release|Win32.ActiveCfg = Release|Win32
		{47E04471-2840-4241-B676-8B1585859343}.Release|Win32.Build.0 = Release|Win32
		{DA9D96FD-CF24-4245-A5F8-DD3328DB06A9}.Debug|Win32.ActiveCfg = Debug|Win32
		{DA9D96FD-CF24-4245-A5F8-DD3328DB06A9}.Debug|Win32.Build.0 = Debug|Win32
		{DA9D96FD-CF24-4245-A5F8-DD3328DB06A9}.Release|Win32.ActiveCfg = Release|Win32
		{DA9D96FD-CF24-4245-A5F8-DD3328DB06A9}.Release|Win32.Build.0 = Release|Win32
		{1491407E-AC66-4F22-B366-79886B3E7161}.Debug|Win32.ActiveCfg = Debug|Win32
		{1491407E-AC66-4F22-B366-79886B3E7161}.Debug|Win32.Build.0 = Debug|Win32
		{1491407E-AC66-4F22-B366-79886B3E7161}.Release|Win32.ActiveCfg = Release|Win32
		{1491407E-AC66-4F22-B366-79886B3E7161}.Release|Win32.Build.0 = Release|Win32
		{FDB6EBBD-97EE-4B54-A86B-991E04EE2632}.Debug|Win32.ActiveCfg = Debug|Win32
		{FDB6EBBD-97EE-4B54-A86B-991E04EE2632}.Debug|Win32.Build.0 = Debug|Win32
		{FDB6EBBD-97EE-4B54-A86B-991E04EE2632}.Release|Win32.ActiveCfg = Release|Win32
		{FDB6EBBD-97EE-4B54-A86B-991E04EE2632}.Release|Win32.Build.0 = Release|Win32
		{B8DE00E3-9C2E-4AD4-83DA-CEF9E400E9E3}.Debug|Win32.ActiveCfg = Debug|Win32
		{B8DE00E3-9C2E-4AD4-83DA-CEF9E400E9E3}.Debug|Win32.Build.0 = Debug|Win32
		{B8DE00E3-9C2E-4AD4-83DA-CEF9E400E9E3}.Release|Win32.ActiveCfg = Release|Win32
		{B8DE00E3-9C2E-4AD4-83DA-CEF9E400E9E3}.Release|Win32.Build.0 = Release|Win32
		{AD60D5E9-D3C7-4365-83E6-D5484939645A}.Debug|Win32.ActiveCfg = Debug|Win32
		{AD60D5E9-D3C7-4365-83E6-D5484939645A}.Debug|Win32.Build.0 = Debug|Win32
		{AD60D5E9-D3C7-4365-83E6-D5484939645A}.Release|Win32.ActiveCfg = Release|Win32
		{AD60D5E9-D3C7-4365-83E6-D5484939645A}.Release|Win32.Build.0 = Release|Win32
		{0C969A75-FB84-4600-9B86-78E4FAAF81EC}.Debug|Win32.ActiveCfg = Debug|Win32
		{0C969A75-FB84-4600-9B86-78E4FAAF81EC}.Debug|Win32.Build.0 = Debug|Win32
		{0C969A75-FB84-4600-9B86-78E4FAAF81EC}.Release|Win32.ActiveCfg = Release|Win32
		{0C969A75-FB84-4600-9B86-78E4FAAF81EC}.Release|Win32.Build.0 = Release|Win32
		{732B1B16-87BC-4BFC-9254-62701E6F731A}.Debug|Win32.ActiveCfg = Debug|Win32
		{732B1B16-87BC-4BFC-9254-62701E6F731A}.Debug|Win32.Build.0 = Debug|Win32
		{732B1B16-87BC-4BFC-9254-62701E6F731A}.Release|Win32.ActiveCfg = Release|Win32
		{732B1B16-87BC-4BFC-9254-62701E6F731A}.Release|Win32.Build.0 = Release|Win32
		{824940BF-ED92-42EF-AB1B-4D788E219B2E}.Debug|Win32.ActiveCfg = Debug|Win32
		{824940BF-ED92-42EF-AB1B-4D788E219B2E}.Debug|Win32.Build.0 = Debug|Win32
		{824940BF-ED92-42EF-AB1B-4D788E219B2E}.Release|Win32.ActiveCfg = Release|Win32
		{824940BF-ED92-42EF-AB1B-4D788E219B2E}.Release|Win32.Build.0 = Release|Win32
		{C3CAB257-FAAE-4F69-A736-44BCE9B2FE16}.Debug|Win32.ActiveCfg = Debug|Win32
		{C3CAB257-FAAE-4F69-A736-44BCE9B2FE16}.Debug|Win32.Build.0 = Debug|Win32
		{C3CAB257-FAAE-4F69-A736-44BCE9B2FE16}.Release|Win32.ActiveCfg = Release|Win32
		{C3CAB257-FAAE-4F69-A736-44BCE9B2FE16}.Release|Win32.Build.0 = Release|Win32
		{EEA7CA9D-AA99-4231-BEF0-50FBB25F4F64}.Debug|Win32.ActiveCfg = Debug|Win32
		{EEA7CA9D-AA99-4231-BEF0-50FBB25F4F64}.Debug|Win32.Build.0 = Debug|Win32
		{EEA7CA9D-AA99-4231-BEF0-50FBB25F4F64}.Release|Win32.ActiveCfg = Release|Win32
		{EEA7CA9D-AA99-4231-BEF0-50FBB25F4F64}.Release|Win32.Build.0 = Release|Win32
		{21FF71FD-5F85-4B1C-9B01-A1FC06D3BA86}.Debug|Win32.ActiveCfg = Debug|Win32
		{21FF71FD-5F85-4B1C-9B01-A1FC06D3BA86}.Debug|Win32.Build.0 = Debug|Win32
		{21FF71FD-5F85-4B1C-9B01-A1FC06D3BA86}.Release|Win32.ActiveCfg = Release|Win32
		{21FF71FD-5F85-4B1C-9B01-A1FC06D3BA86}.Release|Win32.Build.0 = Release|Win32
		{6A9318AF-8509-41CC-AF77-1D1BB4D686A8}.Debug|Win32.ActiveCfg = Debug|Win32
		{6A9318AF-8509-41CC-AF77-1D1BB4D686A8}.Debug|Win32.Build.0 = Debug|Win32
		{6A9318AF-8509-41CC-AF77-1D1BB4D686A8}.Release|Win32.ActiveCfg = Release|Win32
		{6A9318AF-8509-41CC-AF77-1D1BB4D686A8}.Release|Win32.Build.0 = Release|Win32
		{4586B615-D553-4500-A7D6-E4C50BAD1A2A}.Debug|Win32.ActiveCfg = Debug|Win32
		{4586B615-D553-4500-A7D6-E4C50BAD1A2A}.Debug|Win32.Build.0 = Debug|Win32
		{4586B615-D553-4500-A7D6-E4C50BAD1A2A}.Release|Win32.ActiveCfg = Release|Win32
		{4586B615-D553-4500-A7D6-E4C50BAD1A2A}.Release|Win32.Build.0 = Release|Win32
		{17970948-2994-4E62-A244-7F111A2B0BC0}.Debug|Win32.ActiveCfg = Debug|Win32
		{17970948-2994-4E62-A244-7F111A2B0BC0}.Debug|Win32.Build.0 = Debug|Win32
		{17970948-2994-4E62-A244-7F111A2B0BC0}.Release|Win32.ActiveCfg = Release|Win32
		{17970948-2994-4E62-A244-7F111A2B0BC0}.Release|Win32.Build.0 = Release|Win32
		{A1DB8809-0201-4C45-81ED-AECB6C3A443D}.Debug|Win32.ActiveCfg = Debug|Win32
		{A1DB8809-0201-4C45-81ED-AECB6C3A443D}.Debug|Win32.Build.0 = Debug|Win32
		{A1DB8809-0201-4C45-81ED-AECB6C3A443D}.Release|Win32.ActiveCfg = Release|Win32
		{A1DB8809-0201-4C45-81ED-AECB6C3A443D}.Release|Win32.Build.0 = Release|Win32
		{4B6B1459-5260-4D95-B1F1-9D01C510A829}.Debug|Win32.ActiveCfg = Debug|Win32
		{4B6B1459-5260-4D95-B1F1-9D01C510A829}.Debug|Win32.Build.0 = Debug|Win32
		{4B6B1459-5260-4D95-B1F1-9D01C510A829}.Release|Win32.ActiveCfg = Release|Win32
		{4B6B1459-5260-4D95-B1F1-9D01C510A829}.Release|Win32.Build.0 = Release|Win32
		{E6C570E4-4243-4333-AB93-F32535588557}.Debug|Win32.ActiveCfg = Debug|Win32
		{E6C570E4-4243-4333-AB93-F32535588557}.Debug|Win32.Build.0 = Debug|Win32
		{E6C570E4-4243-4333-AB93-F32535588557}.Release|Win32.ActiveCfg = Release|Win32
		{E6C570E4-4243-4333-AB93-F32535588557}.Release|Win32.Build.0 = Release|Win32
		{EE7520ED-9A0E-4EB9-BA58-13F0CE2BFBBA}.Debug|Win32.ActiveCfg = Debug|Win32
		{EE7520ED-9A0E-4EB9-BA58-13F0CE2BFBBA}.Debug|Win32.Build.0 = Debug|Win32
		{EE7520ED-9A0E-4EB9-BA58-13F0CE2BFBBA}.Release|Win32.ActiveCfg = Release|Win32
		{EE7520ED-9A0E-4EB9-BA58-13F0CE2BFBBA}.Release|Win32.Build.0 = Release|Win32
		{3B37F09C-0C6E-4884-A790-3DD871787500}.Debug|Win32.ActiveCfg = Debug|Win32
		{3B37F09C-0C6E-4884-A790-3DD871787500}.Debug|Win32.Build.0 = Debug|Win32
		{3B37F09C-0C6E-4884-A790-3DD871787500}.Release|Win32.ActiveCfg = Release|Win32
		{3B37F09C-0C6E-4884-A790-3DD871787500}.Release|Win32.Build.0 = Release|Win32
		{C6A06ACA-A9AE-40EA-B18F-E449DE5E9D04}.Debug|Win32.ActiveCfg = Debug|Win32
		{C6A06ACA-A9AE-40EA-B18F-E449DE5E9D04}.Debug|Win32.Build.0 = Debug|Win32
		{C6A06ACA-A9AE-40EA-B18F-E449DE5E9D04}.Release|Win32.ActiveCfg = Release|Win32
		{C6A06ACA-A9AE-40EA-B18F-E449DE5E9D04}.Release|Win32.Build.0 = Release|Win32
		{EFB86A64-9458-4057-9080-A4332732F199}.Debug|Win32.ActiveCfg = Debug|Win32
		{EFB86A64-9458-4057-9080-A4332732F199}.Debug|Win32.Build.0 = Debug|Win32
		{EFB86A64-9458-4057-9080-A4332732F199}.Release|Win32.ActiveCfg = Release|Win32
		{EFB86A64-9458-4057-9080-A4332732F199}.Release|Win32.Build.0 = Release|Win32
		{1849E0FA-8E06-4A03-AAFC-26CDEE2267DD}.Debug|Win32.ActiveCfg = Debug|Win32
		{1849E0FA-8E06-4A03-AAFC-26CDEE2267DD}.Debug|Win32.Build.0 = Debug|Win32
		{1849E0FA-8E06-4A03-AAFC-26CDEE2267DD}.Release|Win32.ActiveCfg = Release|Win32
		{1849E0FA-8E06-4A03-AAFC-26CDEE2267DD}.Release|Win32.Build.0 = Release|Win32
		{6A1D4950-EA7A-44F1-9310-4D9CC32EE399}.Debug|Win32.ActiveCfg = Debug|Win32
		{6A1D4950-EA7A-44F1-9310-4D9CC32EE399}.Debug|Win32.Build.0 = Debug|Win32
		{6A1D4950-EA7A-44F1-9310-4D9CC32EE399}.Release|Win32.ActiveCfg = Release|Win32
		{6A1D4950-EA7A-44F1-9310-4D9CC32EE399}.Release|Win32.Build.0 = Release|Win32
		{33B6CE56-C706-49B1-8718-F7D1C3952705}.Debug|Win32.ActiveCfg = Debug|Win32
		{33B6CE56-C706-49B1-8718-F7D1C3952705}.Debug|Win32.Build.0 = Debug|Win32
		{33B6CE56-C706-49B1-8718-F7D1C3952705}.Release|Win32.ActiveCfg = Release|Win32
		{33B6CE56-C706-49B1-8718-F7D1C3952705}.Release|Win32.Build.0 = Release|Win32
		{3D22CE78-791E-4E73-909D-820A735C56B5}.Debug|Win32.ActiveCfg = Debug|Win32
		{3D22CE78-791E-4E73-909D-820A735C56B5}.Debug|Win32.Build.0 = Debug|Win32
		{3D22CE78-791E-4E73-909D-820A735C56B5}.Release|Win32.ActiveCfg = Release|Win32
		{3D22CE78-791E-4E73-909D-820A735C56B5}.Release|Win32.Build.0 = Release|Win32
		{EC10205E-5D02-4730-A41F-122970C76DDC}.Debug|Win32.ActiveCfg = Debug|Win32
		{EC10205E-5D02-4730-A41F-122970C76DDC}.Debug|Win32.Build.0 = Debug|Win32
		{EC10205E-5D02-4730-A41F-122970C76DDC}.Release|Win32.ActiveCfg = Release|Win32
		{EC10205E-5D02-4730-A41F-122970C76DDC}.Release|Win32.Build.0 = Release|Win32
		{B4E608CC-3E33-4596-B80C-4BAA3CF9AD06}.Debug|Win32.ActiveCfg = Debug|Win32
		{B4E608CC-3E33-4596-B80C-4BAA3CF9AD06}.Debug|Win32.Build.0 = Debug|Win32
		{B4E608CC-3E33-4596-B80C-4BAA3CF9AD06}.Release|Win32.ActiveCfg = Release|Win32
		{B4E608CC-3E33-4596-B80C-4BAA3CF9AD06}.Release|Win32.Build.0 = Release|Win32
		{B36D9FDB-1472-4423-818A-06CF0C03DD24}.Debug|Win32.ActiveCfg = Debug|Win32
		{B36D9FDB-1472-4423-818A-06CF0C03DD24}.Debug|Win32.Build.0 = Debug|Win32
		{B36D9FDB-1472-4423-818A-06CF0C03DD24}.Release|Win32.ActiveCfg = Release|Win32
		{B36D9FDB-1472-4423-818A-06CF0C03DD24}.Release|Win32.Build.0 = Release|Win32
		{B8E832C6-D980-48AF-BDBE-F522D60AA42F}.Debug|Win32.ActiveCfg = Debug|Win32
		{B8E832C6-D980-48AF-BDBE-F522D60AA42F}.Debug|Win32.Build.0 = Debug|Win32
		{B8E832C6-D980-48AF-BDBE-F522D60AA42F}.Release|Win32.ActiveCfg = Release|Win32
		{B8E832C6-D980-48AF-BDBE-F522D60AA42F}.Release|Win32.Build.0 = Release|Win32
		{D3861EEC-E953-4677-8AFB-20D0C27B873B}.Debug|Win32.ActiveCfg = Debug|Win32
		{D3861EEC-E953-4677-8AFB-20D0C27B873B}.Debug|Win32.Build.0 = Debug|Win32
		{D3861EEC-E953-4677-8AFB-20D0C27B873B}.Release|Win32.ActiveCfg = Release|Win32
		{D3861EEC-E953-4677-8AFB-20D0C27B873B}.Release|Win32.Build.0 = Release|Win32
		{D0ABEEFF-9A69-481F-A501-1FB3F3FE4837}.Debug|Win32.ActiveCfg = Debug|Win32
		{D0ABEEFF-9A69-481F-A501-1FB3F3FE4837}.Debug|Win32.Build.0 = Debug|Win32
		{D0ABEEFF-9A69-481F-A501-1FB3F3FE4837}.Release|Win32.ActiveCfg = Release|Win32
		{D0ABEEFF-9A69-481F-A501-1FB3F3FE4837}.Release|Win32.Build.0 = Release|Win32
		{B2E62689-60C7-40F9-81D9-6DD1A686FA13}.Debug|Win32.ActiveCfg = Debug|Win32
		{B2E62689-60C7-40F9-81D9-6DD1A686FA13}.Debug|Win32.Build.0 = Debug|Win32
		{B2E62689-60C7-40F9-81D9-6DD1A686FA13}.Release|Win32.ActiveCfg = Release|Win32
		{B2E62689-60C7-40F9-81D9-6DD1A686FA13}.Release|Win32.Build.0 = Release|Win32
		{2B75D7EE-9A68-46BF-A6C0-42D72AB9E8CC}.Debug|Win32.ActiveCfg = Debug|Win32
		{2B75D7EE-9A68-46BF-A6C0-42D72AB9E8CC}.Debug|Win32.Build.0 = Debug|Win32
		{2B75D7EE-9A68-46BF-A6C0-42D72AB9E8CC}.Release|Win32.ActiveCfg = Release|Win32
		{2B75D7EE-9A68-46BF-A6C0-42D72AB9E8CC}.Release|Win32.Build.0 = Release|Win32
		{E1725105-2CC6-4687-8C8F-831A0078F389}.Debug|Win32.ActiveCfg = Debug|Win32
		{E1725105-2CC6-4687-8C8F-831A0078F389}.Debug|Win32.Build.0 = Debug|Win32
		{E1725105-2CC6-4687-8C8F-831A0078F389}.Release|Win32.ActiveCfg = Release|Win32
		{E1725105-2CC6-4687-8C8F-831A0078F389}.Release|Win32.Build.0 = Release|Win32
		{6913FB50-134C-4986-8581-5734AFD3B6C3}.Debug|Win32.ActiveCfg = Debug|Win32
		{6913FB50-134C-4986-8581-5734AFD3B6C3}.Debug|Win32.Build.0 = Debug|Win32
		{6913FB50-134C-4986-8581-5734AFD3B6C3}.Release|Win32.ActiveCfg = Release|Win32
		{6913FB50-134C-4986-8581-5734AFD3B6C3}.Release|Win32.Build.0 = Release|Win32
	EndGlobalSection
	GlobalSection(SolutionProperties) = preSolution
		HideSolutionNode = FALSE
	EndGlobalSection
	GlobalSection(NestedProjects) = preSolution
		{C45E1911-DF4A-4838-A63C-E3932A86FC97} = {32F322E4-9315-4EC0-B3D2-1F2BF0C0BAF7}
		{2C49E5DD-E5A8-4653-BF51-6A7C558965AA} = {32F322E4-9315-4EC0-B3D2-1F2BF0C0BAF7}
		{AFF08326-497D-4B4C-AB30-D0B561E14384} = {32F322E4-9315-4EC0-B3D2-1F2BF0C0BAF7}
		{47E04471-2840-4241-B676-8B1585859343} = {32F322E4-9315-4EC0-B3D2-1F2BF0C0BAF7}
		{DA9D96FD-CF24-4245-A5F8-DD3328DB06A9} = {32F322E4-9315-4EC0-B3D2-1F2BF0C0BAF7}
		{1491407E-AC66-4F22-B366-79886B3E7161} = {32F322E4-9315-4EC0-B3D2-1F2BF0C0BAF7}
		{FDB6EBBD-97EE-4B54-A86B-991E04EE2632} = {32F322E4-9315-4EC0-B3D2-1F2BF0C0BAF7}
		{B8DE00E3-9C2E-4AD4-83DA-CEF9E400E9E3} = {32F322E4-9315-4EC0-B3D2-1F2BF0C0BAF7}
		{AD60D5E9-D3C7-4365-83E6-D5484939645A} = {32F322E4-9315-4EC0-B3D2-1F2BF0C0BAF7}
		{0C969A75-FB84-4600-9B86-78E4FAAF81EC} = {32F322E4-9315-4EC0-B3D2-1F2BF0C0BAF7}
		{732B1B16-87BC-4BFC-9254-62701E6F731A} = {32F322E4-9315-4EC0-B3D2-1F2BF0C0BAF7}
		{824940BF-ED92-42EF-AB1B-4D788E219B2E} = {32F322E4-9315-4EC0-B3D2-1F2BF0C0BAF7}
		{C3CAB257-FAAE-4F69-A736-44BCE9B2FE16} = {32F322E4-9315-4EC0-B3D2-1F2BF0C0BAF7}
		{EEA7CA9D-AA99-4231-BEF0-50FBB25F4F64} = {32F322E4-9315-4EC0-B3D2-1F2BF0C0BAF7}
		{21FF71FD-5F85-4B1C-9B01-A1FC06D3BA86} = {32F322E4-9315-4EC0-B3D2-1F2BF0C0BAF7}
		{6A9318AF-8509-41CC-AF77-1D1BB4D686A8} = {32F322E4-9315-4EC0-B3D2-1F2BF0C0BAF7}
		{4586B615-D553-4500-A7D6-E4C50BAD1A2A} = {32F322E4-9315-4EC0-B3D2-1F2BF0C0BAF7}
		{17970948-2994-4E62-A244-7F111A2B0BC0} = {32F322E4-9315-4EC0-B3D2-1F2BF0C0BAF7}
		{9DA75AF3-8394-4F47-8E4D-687DAC50EE17} = {32F322E4-9315-4EC0-B3D2-1F2BF0C0BAF7}
		{A1DB8809-0201-4C45-81ED-AECB6C3A443D} = {07EC6187-FAC4-44D2-81BF-515AD5314449}
		{4B6B1459-5260-4D95-B1F1-9D01C510A829} = {07EC6187-FAC4-44D2-81BF-515AD5314449}
		{E6C570E4-4243-4333-AB93-F32535588557} = {07EC6187-FAC4-44D2-81BF-515AD5314449}
		{EE7520ED-9A0E-4EB9-BA58-13F0CE2BFBBA} = {07EC6187-FAC4-44D2-81BF-515AD5314449}
		{3B37F09C-0C6E-4884-A790-3DD871787500} = {07EC6187-FAC4-44D2-81BF-515AD5314449}
		{C6A06ACA-A9AE-40EA-B18F-E449DE5E9D04} = {07EC6187-FAC4-44D2-81BF-515AD5314449}
		{EFB86A64-9458-4057-9080-A4332732F199} = {07EC6187-FAC4-44D2-81BF-515AD5314449}
		{1849E0FA-8E06-4A03-AAFC-26CDEE2267DD} = {07EC6187-FAC4-44D2-81BF-515AD5314449}
		{6A1D4950-EA7A-44F1-9310-4D9CC32EE399} = {07EC6187-FAC4-44D2-81BF-515AD5314449}
		{33B6CE56-C706-49B1-8718-F7D1C3952705} = {07EC6187-FAC4-44D2-81BF-515AD5314449}
		{3D22CE78-791E-4E73-909D-820A735C56B5} = {07EC6187-FAC4-44D2-81BF-515AD5314449}
		{EC10205E-5D02-4730-A41F-122970C76DDC} = {07EC6187-FAC4-44D2-81BF-515AD5314449}
		{B4E608CC-3E33-4596-B80C-4BAA3CF9AD06} = {07EC6187-FAC4-44D2-81BF-515AD5314449}
		{B36D9FDB-1472-4423-818A-06CF0C03DD24} = {74B354F0-E520-49E6-8465-C3121D082A34}
		{B8E832C6-D980-48AF-BDBE-F522D60AA42F} = {74B354F0-E520-49E6-8465-C3121D082A34}
		{D3861EEC-E953-4677-8AFB-20D0C27B873B} = {74B354F0-E520-49E6-8465-C3121D082A34}
		{D0ABEEFF-9A69-481F-A501-1FB3F3FE4837} = {74B354F0-E520-49E6-8465-C3121D082A34}
		{B2E62689-60C7-40F9-81D9-6DD1A686FA13} = {74B354F0-E520-49E6-8465-C3121D082A34}
		{2B75D7EE-9A68-46BF-A6C0-42D72AB9E8CC} = {74B354F0-E520-49E6-8465-C3121D082A34}
		{E1725105-2CC6-4687-8C8F-831A0078F389} = {74B354F0-E520-49E6-8465-C3121D082A34}
		{6913FB50-134C-4986-8581-5734AFD3B6C3} = {74B354F0-E520-49E6-8465-C3121D082A34}
	EndGlobalSection
EndGlobal
