
Microsoft Visual Studio Solution File, Format Version 10.00
# Visual Studio 2008
Project("{8BC9CEB8-8B4A-11D0-8D11-00A0C91BC942}") = "2InitDX", "InitDX\InitDX.vcproj", "{9DA75AF3-8394-4F47-8E4D-687DAC50EE17}"
	ProjectSection(ProjectDependencies) = postProject
		{2C49E5DD-E5A8-4653-BF51-6A7C558965AA} = {2C49E5DD-E5A8-4653-BF51-6A7C558965AA}
	EndProjectSection
EndProject
Project("{8BC9CEB8-8B4A-11D0-8D11-00A0C91BC942}") = "4Cube", "Cube\Cube.vcproj", "{C45E1911-DF4A-4838-A63C-E3932A86FC97}"
	ProjectSection(ProjectDependencies) = postProject
		{2C49E5DD-E5A8-4653-BF51-6A7C558965AA} = {2C49E5DD-E5A8-4653-BF51-6A7C558965AA}
	EndProjectSection
EndProject
Project("{8BC9CEB8-8B4A-11D0-8D11-00A0C91BC942}") = "0comm", "comm\comm.vcproj", "{2C49E5DD-E5A8-4653-BF51-6A7C558965AA}"
EndProject
Project("{8BC9CEB8-8B4A-11D0-8D11-00A0C91BC942}") = "4triangle", "triangle\triangle.vcproj", "{AFF08326-497D-4B4C-AB30-D0B561E14384}"
	ProjectSection(ProjectDependencies) = postProject
		{2C49E5DD-E5A8-4653-BF51-6A7C558965AA} = {2C49E5DD-E5A8-4653-BF51-6A7C558965AA}
	EndProjectSection
EndProject
Project("{8BC9CEB8-8B4A-11D0-8D11-00A0C91BC942}") = "4teapot", "teapot\teapot.vcproj", "{47E04471-2840-4241-B676-8B1585859343}"
	ProjectSection(ProjectDependencies) = postProject
		{2C49E5DD-E5A8-4653-BF51-6A7C558965AA} = {2C49E5DD-E5A8-4653-BF51-6A7C558965AA}
	EndProjectSection
EndProject
Project("{8BC9CEB8-8B4A-11D0-8D11-00A0C91BC942}") = "4D3DXCreate", "D3DXCreate\D3DXCreate.vcproj", "{DA9D96FD-CF24-4245-A5F8-DD3328DB06A9}"
	ProjectSection(ProjectDependencies) = postProject
		{2C49E5DD-E5A8-4653-BF51-6A7C558965AA} = {2C49E5DD-E5A8-4653-BF51-6A7C558965AA}
	EndProjectSection
EndProject
Project("{8BC9CEB8-8B4A-11D0-8D11-00A0C91BC942}") = "5ColorTriangle", "ColorTriangle\ColorTriangle.vcproj", "{1491407E-AC66-4F22-B366-79886B3E7161}"
	ProjectSection(ProjectDependencies) = postProject
		{2C49E5DD-E5A8-4653-BF51-6A7C558965AA} = {2C49E5DD-E5A8-4653-BF51-6A7C558965AA}
	EndProjectSection
EndProject
Project("{8BC9CEB8-8B4A-11D0-8D11-00A0C91BC942}") = "6litPyramid", "litPyramid\litPyramid.vcproj", "{FDB6EBBD-97EE-4B54-A86B-991E04EE2632}"
	ProjectSection(ProjectDependencies) = postProject
		{2C49E5DD-E5A8-4653-BF51-6A7C558965AA} = {2C49E5DD-E5A8-4653-BF51-6A7C558965AA}
	EndProjectSection
EndProject
Project("{8BC9CEB8-8B4A-11D0-8D11-00A0C91BC942}") = "6directionalLight", "directionalLight\directionalLight.vcproj", "{B8DE00E3-9C2E-4AD4-83DA-CEF9E400E9E3}"
	ProjectSection(ProjectDependencies) = postProject
		{2C49E5DD-E5A8-4653-BF51-6A7C558965AA} = {2C49E5DD-E5A8-4653-BF51-6A7C558965AA}
	EndProjectSection
EndProject
Project("{8BC9CEB8-8B4A-11D0-8D11-00A0C91BC942}") = "7texQuad", "texQuad\texQuad.vcproj", "{AD60D5E9-D3C7-4365-83E6-D5484939645A}"
	ProjectSection(ProjectDependencies) = postProject
		{2C49E5DD-E5A8-4653-BF51-6A7C558965AA} = {2C49E5DD-E5A8-4653-BF51-6A7C558965AA}
	EndProjectSection
EndProject
Project("{8BC9CEB8-8B4A-11D0-8D11-00A0C91BC942}") = "7AddressModes", "AddressModes\AddressModes.vcproj", "{0C969A75-FB84-4600-9B86-78E4FAAF81EC}"
	ProjectSection(ProjectDependencies) = postProject
		{2C49E5DD-E5A8-4653-BF51-6A7C558965AA} = {2C49E5DD-E5A8-4653-BF51-6A7C558965AA}
	EndProjectSection
EndProject
Project("{8BC9CEB8-8B4A-11D0-8D11-00A0C91BC942}") = "7TexCube", "TexCube\TexCube.vcproj", "{732B1B16-87BC-4BFC-9254-62701E6F731A}"
	ProjectSection(ProjectDependencies) = postProject
		{2C49E5DD-E5A8-4653-BF51-6A7C558965AA} = {2C49E5DD-E5A8-4653-BF51-6A7C558965AA}
	EndProjectSection
EndProject
Project("{8BC9CEB8-8B4A-11D0-8D11-00A0C91BC942}") = "6pointLight", "pointLight\pointLight.vcproj", "{824940BF-ED92-42EF-AB1B-4D788E219B2E}"
	ProjectSection(ProjectDependencies) = postProject
		{2C49E5DD-E5A8-4653-BF51-6A7C558965AA} = {2C49E5DD-E5A8-4653-BF51-6A7C558965AA}
	EndProjectSection
EndProject
Project("{8BC9CEB8-8B4A-11D0-8D11-00A0C91BC942}") = "6spotlight", "spotlight\spotlight.vcproj", "{C3CAB257-FAAE-4F69-A736-44BCE9B2FE16}"
	ProjectSection(ProjectDependencies) = postProject
		{2C49E5DD-E5A8-4653-BF51-6A7C558965AA} = {2C49E5DD-E5A8-4653-BF51-6A7C558965AA}
	EndProjectSection
EndProject
Project("{8BC9CEB8-8B4A-11D0-8D11-00A0C91BC942}") = "8mtrlAlpha", "mtrlAlpha\mtrlAlpha.vcproj", "{EEA7CA9D-AA99-4231-BEF0-50FBB25F4F64}"
	ProjectSection(ProjectDependencies) = postProject
		{2C49E5DD-E5A8-4653-BF51-6A7C558965AA} = {2C49E5DD-E5A8-4653-BF51-6A7C558965AA}
	EndProjectSection
EndProject
Project("{8BC9CEB8-8B4A-11D0-8D11-00A0C91BC942}") = "8texAlpha", "8texAlpha\8texAlpha.vcproj", "{21FF71FD-5F85-4B1C-9B01-A1FC06D3BA86}"
	ProjectSection(ProjectDependencies) = postProject
		{2C49E5DD-E5A8-4653-BF51-6A7C558965AA} = {2C49E5DD-E5A8-4653-BF51-6A7C558965AA}
	EndProjectSection
EndProject
Project("{8BC9CEB8-8B4A-11D0-8D11-00A0C91BC942}") = "9Stencil Mirror", "9Stencil Mirror\9Stencil Mirror.vcproj", "{6A9318AF-8509-41CC-AF77-1D1BB4D686A8}"
	ProjectSection(ProjectDependencies) = postProject
		{2C49E5DD-E5A8-4653-BF51-6A7C558965AA} = {2C49E5DD-E5A8-4653-BF51-6A7C558965AA}
	EndProjectSection
EndProject
Project("{2150E333-8FDC-42A3-9474-1A3956D46DE8}") = "项目说明", "项目说明", "{80D8D6F6-D405-4BBC-91D2-1FF3183FAA54}"
	ProjectSection(SolutionItems) = preProject
		InitDX\readme.txt = InitDX\readme.txt
	EndProjectSection
EndProject
Project("{8BC9CEB8-8B4A-11D0-8D11-00A0C91BC942}") = "9StencilMirrorShadow", "StencilMirrorShadow\StencilMirrorShadow.vcproj", "{4586B615-D553-4500-A7D6-E4C50BAD1A2A}"
	ProjectSection(ProjectDependencies) = postProject
		{2C49E5DD-E5A8-4653-BF51-6A7C558965AA} = {2C49E5DD-E5A8-4653-BF51-6A7C558965AA}
	EndProjectSection
EndProject
Project("{8BC9CEB8-8B4A-11D0-8D11-00A0C91BC942}") = "StencilShadow", "StencilShadow\StencilShadow.vcproj", "{17970948-2994-4E62-A244-7F111A2B0BC0}"
	ProjectSection(ProjectDependencies) = postProject
		{2C49E5DD-E5A8-4653-BF51-6A7C558965AA} = {2C49E5DD-E5A8-4653-BF51-6A7C558965AA}
	EndProjectSection
EndProject
Project("{2150E333-8FDC-42A3-9474-1A3956D46DE8}") = "Direct3D基础知识", "Direct3D基础知识", "{32F322E4-9315-4EC0-B3D2-1F2BF0C0BAF7}"
EndProject
Global
	GlobalSection(SolutionConfigurationPlatforms) = preSolution
		Debug|Win32 = Debug|Win32
		Release|Win32 = Release|Win32
	EndGlobalSection
	GlobalSection(ProjectConfigurationPlatforms) = postSolution
		{9DA75AF3-8394-4F47-8E4D-687DAC50EE17}.Debug|Win32.ActiveCfg = Debug|Win32
		{9DA75AF3-8394-4F47-8E4D-687DAC50EE17}.Debug|Win32.Build.0 = Debug|Win32
		{9DA75AF3-8394-4F47-8E4D-687DAC50EE17}.Release|Win32.ActiveCfg = Release|Win32
		{9DA75AF3-8394-4F47-8E4D-687DAC50EE17}.Release|Win32.Build.0 = Release|Win32
		{C45E1911-DF4A-4838-A63C-E3932A86FC97}.Debug|Win32.ActiveCfg = Debug|Win32
		{C45E1911-DF4A-4838-A63C-E3932A86FC97}.Debug|Win32.Build.0 = Debug|Win32
		{C45E1911-DF4A-4838-A63C-E3932A86FC97}.Release|Win32.ActiveCfg = Release|Win32
		{C45E1911-DF4A-4838-A63C-E3932A86FC97}.Release|Win32.Build.0 = Release|Win32
		{2C49E5DD-E5A8-4653-BF51-6A7C558965AA}.Debug|Win32.ActiveCfg = Debug|Win32
		{2C49E5DD-E5A8-4653-BF51-6A7C558965AA}.Debug|Win32.Build.0 = Debug|Win32
		{2C49E5DD-E5A8-4653-BF51-6A7C558965AA}.Release|Win32.ActiveCfg = Release|Win32
		{2C49E5DD-E5A8-4653-BF51-6A7C558965AA}.Release|Win32.Build.0 = Release|Win32
		{AFF08326-497D-4B4C-AB30-D0B561E14384}.Debug|Win32.ActiveCfg = Debug|Win32
		{AFF08326-497D-4B4C-AB30-D0B561E14384}.Debug|Win32.Build.0 = Debug|Win32
		{AFF08326-497D-4B4C-AB30-D0B561E14384}.Release|Win32.ActiveCfg = Release|Win32
		{AFF08326-497D-4B4C-AB30-D0B561E14384}.Release|Win32.Build.0 = Release|Win32
		{47E04471-2840-4241-B676-8B1585859343}.Debug|Win32.ActiveCfg = Debug|Win32
		{47E04471-2840-4241-B676-8B1585859343}.Debug|Win32.Build.0 = Debug|Win32
		{47E04471-2840-4241-B676-8B1585859343}.Release|Win32.ActiveCfg = Release|Win32
		{47E04471-2840-4241-B676-8B1585859343}.Release|Win32.Build.0 = Release|Win32
		{DA9D96FD-CF24-4245-A5F8-DD3328DB06A9}.Debug|Win32.ActiveCfg = Debug|Win32
		{DA9D96FD-CF24-4245-A5F8-DD3328DB06A9}.Debug|Win32.Build.0 = Debug|Win32
		{DA9D96FD-CF24-4245-A5F8-DD3328DB06A9}.Release|Win32.ActiveCfg = Release|Win32
		{DA9D96FD-CF24-4245-A5F8-DD3328DB06A9}.Release|Win32.Build.0 = Release|Win32
		{1491407E-AC66-4F22-B366-79886B3E7161}.Debug|Win32.ActiveCfg = Debug|Win32
		{1491407E-AC66-4F22-B366-79886B3E7161}.Debug|Win32.Build.0 = Debug|Win32
		{1491407E-AC66-4F22-B366-79886B3E7161}.Release|Win32.ActiveCfg = Release|Win32
		{1491407E-AC66-4F22-B366-79886B3E7161}.Release|Win32.Build.0 = Release|Win32
		{FDB6EBBD-97EE-4B54-A86B-991E04EE2632}.Debug|Win32.ActiveCfg = Debug|Win32
		{FDB6EBBD-97EE-4B54-A86B-991E04EE2632}.Debug|Win32.Build.0 = Debug|Win32
		{FDB6EBBD-97EE-4B54-A86B-991E04EE2632}.Release|Win32.ActiveCfg = Release|Win32
		{FDB6EBBD-97EE-4B54-A86B-991E04EE2632}.Release|Win32.Build.0 = Release|Win32
		{B8DE00E3-9C2E-4AD4-83DA-CEF9E400E9E3}.Debug|Win32.ActiveCfg = Debug|Win32
		{B8DE00E3-9C2E-4AD4-83DA-CEF9E400E9E3}.Debug|Win32.Build.0 = Debug|Win32
		{B8DE00E3-9C2E-4AD4-83DA-CEF9E400E9E3}.Release|Win32.ActiveCfg = Release|Win32
		{B8DE00E3-9C2E-4AD4-83DA-CEF9E400E9E3}.Release|Win32.Build.0 = Release|Win32
		{AD60D5E9-D3C7-4365-83E6-D5484939645A}.Debug|Win32.ActiveCfg = Debug|Win32
		{AD60D5E9-D3C7-4365-83E6-D5484939645A}.Debug|Win32.Build.0 = Debug|Win32
		{AD60D5E9-D3C7-4365-83E6-D5484939645A}.Release|Win32.ActiveCfg = Release|Win32
		{AD60D5E9-D3C7-4365-83E6-D5484939645A}.Release|Win32.Build.0 = Release|Win32
		{0C969A75-FB84-4600-9B86-78E4FAAF81EC}.Debug|Win32.ActiveCfg = Debug|Win32
		{0C969A75-FB84-4600-9B86-78E4FAAF81EC}.Debug|Win32.Build.0 = Debug|Win32
		{0C969A75-FB84-4600-9B86-78E4FAAF81EC}.Release|Win32.ActiveCfg = Release|Win32
		{0C969A75-FB84-4600-9B86-78E4FAAF81EC}.Release|Win32.Build.0 = Release|Win32
		{732B1B16-87BC-4BFC-9254-62701E6F731A}.Debug|Win32.ActiveCfg = Debug|Win32
		{732B1B16-87BC-4BFC-9254-62701E6F731A}.Debug|Win32.Build.0 = Debug|Win32
		{732B1B16-87BC-4BFC-9254-62701E6F731A}.Release|Win32.ActiveCfg = Release|Win32
		{732B1B16-87BC-4BFC-9254-62701E6F731A}.Release|Win32.Build.0 = Release|Win32
		{824940BF-ED92-42EF-AB1B-4D788E219B2E}.Debug|Win32.ActiveCfg = Debug|Win32
		{824940BF-ED92-42EF-AB1B-4D788E219B2E}.Debug|Win32.Build.0 = Debug|Win32
		{824940BF-ED92-42EF-AB1B-4D788E219B2E}.Release|Win32.ActiveCfg = Release|Win32
		{824940BF-ED92-42EF-AB1B-4D788E219B2E}.Release|Win32.Build.0 = Release|Win32
		{C3CAB257-FAAE-4F69-A736-44BCE9B2FE16}.Debug|Win32.ActiveCfg = Debug|Win32
		{C3CAB257-FAAE-4F69-A736-44BCE9B2FE16}.Debug|Win32.Build.0 = Debug|Win32
		{C3CAB257-FAAE-4F69-A736-44BCE9B2FE16}.Release|Win32.ActiveCfg = Release|Win32
		{C3CAB257-FAAE-4F69-A736-44BCE9B2FE16}.Release|Win32.Build.0 = Release|Win32
		{EEA7CA9D-AA99-4231-BEF0-50FBB25F4F64}.Debug|Win32.ActiveCfg = Debug|Win32
		{EEA7CA9D-AA99-4231-BEF0-50FBB25F4F64}.Debug|Win32.Build.0 = Debug|Win32
		{EEA7CA9D-AA99-4231-BEF0-50FBB25F4F64}.Release|Win32.ActiveCfg = Release|Win32
		{EEA7CA9D-AA99-4231-BEF0-50FBB25F4F64}.Release|Win32.Build.0 = Release|Win32
		{21FF71FD-5F85-4B1C-9B01-A1FC06D3BA86}.Debug|Win32.ActiveCfg = Debug|Win32
		{21FF71FD-5F85-4B1C-9B01-A1FC06D3BA86}.Debug|Win32.Build.0 = Debug|Win32
		{21FF71FD-5F85-4B1C-9B01-A1FC06D3BA86}.Release|Win32.ActiveCfg = Release|Win32
		{21FF71FD-5F85-4B1C-9B01-A1FC06D3BA86}.Release|Win32.Build.0 = Release|Win32
		{6A9318AF-8509-41CC-AF77-1D1BB4D686A8}.Debug|Win32.ActiveCfg = Debug|Win32
		{6A9318AF-8509-41CC-AF77-1D1BB4D686A8}.Debug|Win32.Build.0 = Debug|Win32
		{6A9318AF-8509-41CC-AF77-1D1BB4D686A8}.Release|Win32.ActiveCfg = Release|Win32
		{6A9318AF-8509-41CC-AF77-1D1BB4D686A8}.Release|Win32.Build.0 = Release|Win32
		{4586B615-D553-4500-A7D6-E4C50BAD1A2A}.Debug|Win32.ActiveCfg = Debug|Win32
		{4586B615-D553-4500-A7D6-E4C50BAD1A2A}.Debug|Win32.Build.0 = Debug|Win32
		{4586B615-D553-4500-A7D6-E4C50BAD1A2A}.Release|Win32.ActiveCfg = Release|Win32
		{4586B615-D553-4500-A7D6-E4C50BAD1A2A}.Release|Win32.Build.0 = Release|Win32
		{17970948-2994-4E62-A244-7F111A2B0BC0}.Debug|Win32.ActiveCfg = Debug|Win32
		{17970948-2994-4E62-A244-7F111A2B0BC0}.Debug|Win32.Build.0 = Debug|Win32
		{17970948-2994-4E62-A244-7F111A2B0BC0}.Release|Win32.ActiveCfg = Release|Win32
		{17970948-2994-4E62-A244-7F111A2B0BC0}.Release|Win32.Build.0 = Release|Win32
	EndGlobalSection
	GlobalSection(SolutionProperties) = preSolution
		HideSolutionNode = FALSE
	EndGlobalSection
	GlobalSection(NestedProjects) = preSolution
		{17970948-2994-4E62-A244-7F111A2B0BC0} = {32F322E4-9315-4EC0-B3D2-1F2BF0C0BAF7}
		{2C49E5DD-E5A8-4653-BF51-6A7C558965AA} = {32F322E4-9315-4EC0-B3D2-1F2BF0C0BAF7}
		{9DA75AF3-8394-4F47-8E4D-687DAC50EE17} = {32F322E4-9315-4EC0-B3D2-1F2BF0C0BAF7}
		{C45E1911-DF4A-4838-A63C-E3932A86FC97} = {32F322E4-9315-4EC0-B3D2-1F2BF0C0BAF7}
		{DA9D96FD-CF24-4245-A5F8-DD3328DB06A9} = {32F322E4-9315-4EC0-B3D2-1F2BF0C0BAF7}
		{47E04471-2840-4241-B676-8B1585859343} = {32F322E4-9315-4EC0-B3D2-1F2BF0C0BAF7}
		{AFF08326-497D-4B4C-AB30-D0B561E14384} = {32F322E4-9315-4EC0-B3D2-1F2BF0C0BAF7}
		{1491407E-AC66-4F22-B366-79886B3E7161} = {32F322E4-9315-4EC0-B3D2-1F2BF0C0BAF7}
		{B8DE00E3-9C2E-4AD4-83DA-CEF9E400E9E3} = {32F322E4-9315-4EC0-B3D2-1F2BF0C0BAF7}
		{FDB6EBBD-97EE-4B54-A86B-991E04EE2632} = {32F322E4-9315-4EC0-B3D2-1F2BF0C0BAF7}
		{824940BF-ED92-42EF-AB1B-4D788E219B2E} = {32F322E4-9315-4EC0-B3D2-1F2BF0C0BAF7}
		{C3CAB257-FAAE-4F69-A736-44BCE9B2FE16} = {32F322E4-9315-4EC0-B3D2-1F2BF0C0BAF7}
		{0C969A75-FB84-4600-9B86-78E4FAAF81EC} = {32F322E4-9315-4EC0-B3D2-1F2BF0C0BAF7}
		{732B1B16-87BC-4BFC-9254-62701E6F731A} = {32F322E4-9315-4EC0-B3D2-1F2BF0C0BAF7}
		{AD60D5E9-D3C7-4365-83E6-D5484939645A} = {32F322E4-9315-4EC0-B3D2-1F2BF0C0BAF7}
		{EEA7CA9D-AA99-4231-BEF0-50FBB25F4F64} = {32F322E4-9315-4EC0-B3D2-1F2BF0C0BAF7}
		{21FF71FD-5F85-4B1C-9B01-A1FC06D3BA86} = {32F322E4-9315-4EC0-B3D2-1F2BF0C0BAF7}
		{6A9318AF-8509-41CC-AF77-1D1BB4D686A8} = {32F322E4-9315-4EC0-B3D2-1F2BF0C0BAF7}
		{4586B615-D553-4500-A7D6-E4C50BAD1A2A} = {32F322E4-9315-4EC0-B3D2-1F2BF0C0BAF7}
	EndGlobalSection
EndGlobal
